// !$*UTF8*$!
{
	archiveVersion = 1;
	classes = {
	};
	objectVersion = 50;
	objects = {

/* Begin PBXBuildFile section */
		CFD4D3B5227BE5B5000F076D /* AppDelegate.swift in Sources */ = {isa = PBXBuildFile; fileRef = CFD4D3B4227BE5B5000F076D /* AppDelegate.swift */; };
		CFD4D3BA227BE5B5000F076D /* Main.storyboard in Resources */ = {isa = PBXBuildFile; fileRef = CFD4D3B8227BE5B5000F076D /* Main.storyboard */; };
		CFD4D3BC227BE5B6000F076D /* Assets.xcassets in Resources */ = {isa = PBXBuildFile; fileRef = CFD4D3BB227BE5B6000F076D /* Assets.xcassets */; };
		CFD4D3BF227BE5B6000F076D /* LaunchScreen.storyboard in Resources */ = {isa = PBXBuildFile; fileRef = CFD4D3BD227BE5B6000F076D /* LaunchScreen.storyboard */; };
		CFD4D3CB227BE663000F076D /* ContainerController.swift in Sources */ = {isa = PBXBuildFile; fileRef = CFD4D3CA227BE663000F076D /* ContainerController.swift */; };
		CFD4D3CD227BE679000F076D /* HomeController.swift in Sources */ = {isa = PBXBuildFile; fileRef = CFD4D3CC227BE679000F076D /* HomeController.swift */; };
		CFD4D3CF227BE687000F076D /* MenuController.swift in Sources */ = {isa = PBXBuildFile; fileRef = CFD4D3CE227BE687000F076D /* MenuController.swift */; };
		CFD4D3D1227BEC81000F076D /* Protocols.swift in Sources */ = {isa = PBXBuildFile; fileRef = CFD4D3D0227BEC81000F076D /* Protocols.swift */; };
/* End PBXBuildFile section */

/* Begin PBXFileReference section */
		CFD4D3B1227BE5B5000F076D /* SideMenu.app */ = {isa = PBXFileReference; explicitFileType = wrapper.application; includeInIndex = 0; path = SideMenu.app; sourceTree = BUILT_PRODUCTS_DIR; };
		CFD4D3B4227BE5B5000F076D /* AppDelegate.swift */ = {isa = PBXFileReference; lastKnownFileType = sourcecode.swift; path = AppDelegate.swift; sourceTree = "<group>"; };
		CFD4D3B9227BE5B5000F076D /* Base */ = {isa = PBXFileReference; lastKnownFileType = file.storyboard; name = Base; path = Base.lproj/Main.storyboard; sourceTree = "<group>"; };
		CFD4D3BB227BE5B6000F076D /* Assets.xcassets */ = {isa = PBXFileReference; lastKnownFileType = folder.assetcatalog; path = Assets.xcassets; sourceTree = "<group>"; };
		CFD4D3BE227BE5B6000F076D /* Base */ = {isa = PBXFileReference; lastKnownFileType = file.storyboard; name = Base; path = Base.lproj/LaunchScreen.storyboard; sourceTree = "<group>"; };
		CFD4D3C0227BE5B6000F076D /* Info.plist */ = {isa = PBXFileReference; lastKnownFileType = text.plist.xml; path = Info.plist; sourceTree = "<group>"; };
		CFD4D3CA227BE663000F076D /* ContainerController.swift */ = {isa = PBXFileReference; lastKnownFileType = sourcecode.swift; path = ContainerController.swift; sourceTree = "<group>"; };
		CFD4D3CC227BE679000F076D /* HomeController.swift */ = {isa = PBXFileReference; lastKnownFileType = sourcecode.swift; path = HomeController.swift; sourceTree = "<group>"; };
		CFD4D3CE227BE687000F076D /* MenuController.swift */ = {isa = PBXFileReference; lastKnownFileType = sourcecode.swift; path = MenuController.swift; sourceTree = "<group>"; };
		CFD4D3D0227BEC81000F076D /* Protocols.swift */ = {isa = PBXFileReference; lastKnownFileType = sourcecode.swift; path = Protocols.swift; sourceTree = "<group>"; };
/* End PBXFileReference section */

/* Begin PBXFrameworksBuildPhase section */
		CFD4D3AE227BE5B5000F076D /* Frameworks */ = {
			isa = PBXFrameworksBuildPhase;
			buildActionMask = 2147483647;
			files = (
			);
			runOnlyForDeploymentPostprocessing = 0;
		};
/* End PBXFrameworksBuildPhase section */

/* Begin PBXGroup section */
		CFD4D3A8227BE5B5000F076D = {
			isa = PBXGroup;
			children = (
				CFD4D3B3227BE5B5000F076D /* SideMenu */,
				CFD4D3B2227BE5B5000F076D /* Products */,
			);
			sourceTree = "<group>";
		};
		CFD4D3B2227BE5B5000F076D /* Products */ = {
			isa = PBXGroup;
			children = (
				CFD4D3B1227BE5B5000F076D /* SideMenu.app */,
			);
			name = Products;
			sourceTree = "<group>";
		};
		CFD4D3B3227BE5B5000F076D /* SideMenu */ = {
			isa = PBXGroup;
			children = (
				CFD4D3C9227BE5F4000F076D /* Utils */,
				CFD4D3C8227BE5F1000F076D /* Model */,
				CFD4D3C7227BE5EE000F076D /* View */,
				CFD4D3C6227BE5EB000F076D /* Controller */,
				CFD4D3B4227BE5B5000F076D /* AppDelegate.swift */,
				CFD4D3B8227BE5B5000F076D /* Main.storyboard */,
				CFD4D3BB227BE5B6000F076D /* Assets.xcassets */,
				CFD4D3BD227BE5B6000F076D /* LaunchScreen.storyboard */,
				CFD4D3C0227BE5B6000F076D /* Info.plist */,
			);
			path = SideMenu;
			sourceTree = "<group>";
		};
		CFD4D3C6227BE5EB000F076D /* Controller */ = {
			isa = PBXGroup;
			children = (
				CFD4D3CA227BE663000F076D /* ContainerController.swift */,
				CFD4D3CC227BE679000F076D /* HomeController.swift */,
				CFD4D3CE227BE687000F076D /* MenuController.swift */,
			);
			path = Controller;
			sourceTree = "<group>";
		};
		CFD4D3C7227BE5EE000F076D /* View */ = {
			isa = PBXGroup;
			children = (
			);
			path = View;
			sourceTree = "<group>";
		};
		CFD4D3C8227BE5F1000F076D /* Model */ = {
			isa = PBXGroup;
			children = (
			);
			path = Model;
			sourceTree = "<group>";
		};
		CFD4D3C9227BE5F4000F076D /* Utils */ = {
			isa = PBXGroup;
			children = (
				CFD4D3D0227BEC81000F076D /* Protocols.swift */,
			);
			path = Utils;
			sourceTree = "<group>";
		};
/* End PBXGroup section */

/* Begin PBXNativeTarget section */
		CFD4D3B0227BE5B5000F076D /* SideMenu */ = {
			isa = PBXNativeTarget;
			buildConfigurationList = CFD4D3C3227BE5B6000F076D /* Build configuration list for PBXNativeTarget "SideMenu" */;
			buildPhases = (
				CFD4D3AD227BE5B5000F076D /* Sources */,
				CFD4D3AE227BE5B5000F076D /* Frameworks */,
				CFD4D3AF227BE5B5000F076D /* Resources */,
			);
			buildRules = (
			);
			dependencies = (
			);
			name = SideMenu;
			productName = SideMenu;
			productReference = CFD4D3B1227BE5B5000F076D /* SideMenu.app */;
			productType = "com.apple.product-type.application";
		};
/* End PBXNativeTarget section */

/* Begin PBXProject section */
		CFD4D3A9227BE5B5000F076D /* Project object */ = {
			isa = PBXProject;
			attributes = {
				LastSwiftUpdateCheck = 1020;
				LastUpgradeCheck = 1020;
				ORGANIZATIONNAME = "camilo andres ibarra yepes";
				TargetAttributes = {
					CFD4D3B0227BE5B5000F076D = {
						CreatedOnToolsVersion = 10.2.1;
					};
				};
			};
			buildConfigurationList = CFD4D3AC227BE5B5000F076D /* Build configuration list for PBXProject "SideMenu" */;
			compatibilityVersion = "Xcode 9.3";
			developmentRegion = en;
			hasScannedForEncodings = 0;
			knownRegions = (
				en,
				Base,
			);
			mainGroup = CFD4D3A8227BE5B5000F076D;
			productRefGroup = CFD4D3B2227BE5B5000F076D /* Products */;
			projectDirPath = "";
			projectRoot = "";
			targets = (
				CFD4D3B0227BE5B5000F076D /* SideMenu */,
			);
		};
/* End PBXProject section */

/* Begin PBXResourcesBuildPhase section */
		CFD4D3AF227BE5B5000F076D /* Resources */ = {
			isa = PBXResourcesBuildPhase;
			buildActionMask = 2147483647;
			files = (
				CFD4D3BF227BE5B6000F076D /* LaunchScreen.storyboard in Resources */,
				CFD4D3BC227BE5B6000F076D /* Assets.xcassets in Resources */,
				CFD4D3BA227BE5B5000F076D /* Main.storyboard in Resources */,
			);
			runOnlyForDeploymentPostprocessing = 0;
		};
/* End PBXResourcesBuildPhase section */

/* Begin PBXSourcesBuildPhase section */
		CFD4D3AD227BE5B5000F076D /* Sources */ = {
			isa = PBXSourcesBuildPhase;
			buildActionMask = 2147483647;
			files = (
				CFD4D3D1227BEC81000F076D /* Protocols.swift in Sources */,
				CFD4D3CF227BE687000F076D /* MenuController.swift in Sources */,
				CFD4D3CD227BE679000F076D /* HomeController.swift in Sources */,
				CFD4D3B5227BE5B5000F076D /* AppDelegate.swift in Sources */,
				CFD4D3CB227BE663000F076D /* ContainerController.swift in Sources */,
			);
			runOnlyForDeploymentPostprocessing = 0;
		};
/* End PBXSourcesBuildPhase section */

/* Begin PBXVariantGroup section */
		CFD4D3B8227BE5B5000F076D /* Main.storyboard */ = {
			isa = PBXVariantGroup;
			children = (
				CFD4D3B9227BE5B5000F076D /* Base */,
			);
			name = Main.storyboard;
			sourceTree = "<group>";
		};
		CFD4D3BD227BE5B6000F076D /* LaunchScreen.storyboard */ = {
			isa = PBXVariantGroup;
			children = (
				CFD4D3BE227BE5B6000F076D /* Base */,
			);
			name = LaunchScreen.storyboard;
			sourceTree = "<group>";
		};
/* End PBXVariantGroup section */

/* Begin XCBuildConfiguration section */
		CFD4D3C1227BE5B6000F076D /* Debug */ = {
			isa = XCBuildConfiguration;
			buildSettings = {
				ALWAYS_SEARCH_USER_PATHS = NO;
				CLANG_ANALYZER_NONNULL = YES;
				CLANG_ANALYZER_NUMBER_OBJECT_CONVERSION = YES_AGGRESSIVE;
				CLANG_CXX_LANGUAGE_STANDARD = "gnu++14";
				CLANG_CXX_LIBRARY = "libc++";
				CLANG_ENABLE_MODULES = YES;
				CLANG_ENABLE_OBJC_ARC = YES;
				CLANG_ENABLE_OBJC_WEAK = YES;
				CLANG_WARN_BLOCK_CAPTURE_AUTORELEASING = YES;
				CLANG_WARN_BOOL_CONVERSION = YES;
				CLANG_WARN_COMMA = YES;
				CLANG_WARN_CONSTANT_CONVERSION = YES;
				CLANG_WARN_DEPRECATED_OBJC_IMPLEMENTATIONS = YES;
				CLANG_WARN_DIRECT_OBJC_ISA_USAGE = YES_ERROR;
				CLANG_WARN_DOCUMENTATION_COMMENTS = YES;
				CLANG_WARN_EMPTY_BODY = YES;
				CLANG_WARN_ENUM_CONVERSION = YES;
				CLANG_WARN_INFINITE_RECURSION = YES;
				CLANG_WARN_INT_CONVERSION = YES;
				CLANG_WARN_NON_LITERAL_NULL_CONVERSION = YES;
				CLANG_WARN_OBJC_IMPLICIT_RETAIN_SELF = YES;
				CLANG_WARN_OBJC_LITERAL_CONVERSION = YES;
				CLANG_WARN_OBJC_ROOT_CLASS = YES_ERROR;
				CLANG_WARN_RANGE_LOOP_ANALYSIS = YES;
				CLANG_WARN_STRICT_PROTOTYPES = YES;
				CLANG_WARN_SUSPICIOUS_MOVE = YES;
				CLANG_WARN_UNGUARDED_AVAILABILITY = YES_AGGRESSIVE;
				CLANG_WARN_UNREACHABLE_CODE = YES;
				CLANG_WARN__DUPLICATE_METHOD_MATCH = YES;
				CODE_SIGN_IDENTITY = "iPhone Developer";
				COPY_PHASE_STRIP = NO;
				DEBUG_INFORMATION_FORMAT = dwarf;
				ENABLE_STRICT_OBJC_MSGSEND = YES;
				ENABLE_TESTABILITY = YES;
				GCC_C_LANGUAGE_STANDARD = gnu11;
				GCC_DYNAMIC_NO_PIC = NO;
				GCC_NO_COMMON_BLOCKS = YES;
				GCC_OPTIMIZATION_LEVEL = 0;
				GCC_PREPROCESSOR_DEFINITIONS = (
					"DEBUG=1",
					"$(inherited)",
				);
				GCC_WARN_64_TO_32_BIT_CONVERSION = YES;
				GCC_WARN_ABOUT_RETURN_TYPE = YES_ERROR;
				GCC_WARN_UNDECLARED_SELECTOR = YES;
				GCC_WARN_UNINITIALIZED_AUTOS = YES_AGGRESSIVE;
				GCC_WARN_UNUSED_FUNCTION = YES;
				GCC_WARN_UNUSED_VARIABLE = YES;
				IPHONEOS_DEPLOYMENT_TARGET = 12.2;
				MTL_ENABLE_DEBUG_INFO = INCLUDE_SOURCE;
				MTL_FAST_MATH = YES;
				ONLY_ACTIVE_ARCH = YES;
				SDKROOT = iphoneos;
				SWIFT_ACTIVE_COMPILATION_CONDITIONS = DEBUG;
				SWIFT_OPTIMIZATION_LEVEL = "-Onone";
			};
			name = Debug;
		};
		CFD4D3C2227BE5B6000F076D /* Release */ = {
			isa = XCBuildConfiguration;
			buildSettings = {
				ALWAYS_SEARCH_USER_PATHS = NO;
				CLANG_ANALYZER_NONNULL = YES;
				CLANG_ANALYZER_NUMBER_OBJECT_CONVERSION = YES_AGGRESSIVE;
				CLANG_CXX_LANGUAGE_STANDARD = "gnu++14";
				CLANG_CXX_LIBRARY = "libc++";
				CLANG_ENABLE_MODULES = YES;
				CLANG_ENABLE_OBJC_ARC = YES;
				CLANG_ENABLE_OBJC_WEAK = YES;
				CLANG_WARN_BLOCK_CAPTURE_AUTORELEASING = YES;
				CLANG_WARN_BOOL_CONVERSION = YES;
				CLANG_WARN_COMMA = YES;
				CLANG_WARN_CONSTANT_CONVERSION = YES;
				CLANG_WARN_DEPRECATED_OBJC_IMPLEMENTATIONS = YES;
				CLANG_WARN_DIRECT_OBJC_ISA_USAGE = YES_ERROR;
				CLANG_WARN_DOCUMENTATION_COMMENTS = YES;
				CLANG_WARN_EMPTY_BODY = YES;
				CLANG_WARN_ENUM_CONVERSION = YES;
				CLANG_WARN_INFINITE_RECURSION = YES;
				CLANG_WARN_INT_CONVERSION = YES;
				CLANG_WARN_NON_LITERAL_NULL_CONVERSION = YES;
				CLANG_WARN_OBJC_IMPLICIT_RETAIN_SELF = YES;
				CLANG_WARN_OBJC_LITERAL_CONVERSION = YES;
				CLANG_WARN_OBJC_ROOT_CLASS = YES_ERROR;
				CLANG_WARN_RANGE_LOOP_ANALYSIS = YES;
				CLANG_WARN_STRICT_PROTOTYPES = YES;
				CLANG_WARN_SUSPICIOUS_MOVE = YES;
				CLANG_WARN_UNGUARDED_AVAILABILITY = YES_AGGRESSIVE;
				CLANG_WARN_UNREACHABLE_CODE = YES;
				CLANG_WARN__DUPLICATE_METHOD_MATCH = YES;
				CODE_SIGN_IDENTITY = "iPhone Developer";
				COPY_PHASE_STRIP = NO;
				DEBUG_INFORMATION_FORMAT = "dwarf-with-dsym";
				ENABLE_NS_ASSERTIONS = NO;
				ENABLE_STRICT_OBJC_MSGSEND = YES;
				GCC_C_LANGUAGE_STANDARD = gnu11;
				GCC_NO_COMMON_BLOCKS = YES;
				GCC_WARN_64_TO_32_BIT_CONVERSION = YES;
				GCC_WARN_ABOUT_RETURN_TYPE = YES_ERROR;
				GCC_WARN_UNDECLARED_SELECTOR = YES;
				GCC_WARN_UNINITIALIZED_AUTOS = YES_AGGRESSIVE;
				GCC_WARN_UNUSED_FUNCTION = YES;
				GCC_WARN_UNUSED_VARIABLE = YES;
				IPHONEOS_DEPLOYMENT_TARGET = 12.2;
				MTL_ENABLE_DEBUG_INFO = NO;
				MTL_FAST_MATH = YES;
				SDKROOT = iphoneos;
				SWIFT_COMPILATION_MODE = wholemodule;
				SWIFT_OPTIMIZATION_LEVEL = "-O";
				VALIDATE_PRODUCT = YES;
			};
			name = Release;
		};
		CFD4D3C4227BE5B6000F076D /* Debug */ = {
			isa = XCBuildConfiguration;
			buildSettings = {
				ASSETCATALOG_COMPILER_APPICON_NAME = AppIcon;
				CODE_SIGN_STYLE = Automatic;
				INFOPLIST_FILE = SideMenu/Info.plist;
				LD_RUNPATH_SEARCH_PATHS = (
					"$(inherited)",
					"@executable_path/Frameworks",
				);
				PRODUCT_BUNDLE_IDENTIFIER = com.camilo.SideMenu;
				PRODUCT_NAME = "$(TARGET_NAME)";
				SWIFT_VERSION = 5.0;
				TARGETED_DEVICE_FAMILY = "1,2";
			};
			name = Debug;
		};
		CFD4D3C5227BE5B6000F076D /* Release */ = {
			isa = XCBuildConfiguration;
			buildSettings = {
				ASSETCATALOG_COMPILER_APPICON_NAME = AppIcon;
				CODE_SIGN_STYLE = Automatic;
				INFOPLIST_FILE = SideMenu/Info.plist;
				LD_RUNPATH_SEARCH_PATHS = (
					"$(inherited)",
					"@executable_path/Frameworks",
				);
				PRODUCT_BUNDLE_IDENTIFIER = com.camilo.SideMenu;
				PRODUCT_NAME = "$(TARGET_NAME)";
				SWIFT_VERSION = 5.0;
				TARGETED_DEVICE_FAMILY = "1,2";
			};
			name = Release;
		};
/* End XCBuildConfiguration section */

/* Begin XCConfigurationList section */
		CFD4D3AC227BE5B5000F076D /* Build configuration list for PBXProject "SideMenu" */ = {
			isa = XCConfigurationList;
			buildConfigurations = (
				CFD4D3C1227BE5B6000F076D /* Debug */,
				CFD4D3C2227BE5B6000F076D /* Release */,
			);
			defaultConfigurationIsVisible = 0;
			defaultConfigurationName = Release;
		};
		CFD4D3C3227BE5B6000F076D /* Build configuration list for PBXNativeTarget "SideMenu" */ = {
			isa = XCConfigurationList;
			buildConfigurations = (
				CFD4D3C4227BE5B6000F076D /* Debug */,
				CFD4D3C5227BE5B6000F076D /* Release */,
			);
			defaultConfigurationIsVisible = 0;
			defaultConfigurationName = Release;
		};
/* End XCConfigurationList section */
	};
	rootObject = CFD4D3A9227BE5B5000F076D /* Project object */;
}
